
Microsoft Visual Studio Solution File, Format Version 12.00
# Visual Studio Version 17
VisualStudioVersion = 17.0.32002.185
MinimumVisualStudioVersion = 10.0.40219.1
Project("{9A19103F-16F7-4668-BE54-9A1E7A4F7556}") = "desaccordeVues", "desaccordeVues\desaccordeVues.csproj", "{1EAC41F8-A5DB-458D-897B-B2AE5A8342BC}"
EndProject
Project("{9A19103F-16F7-4668-BE54-9A1E7A4F7556}") = "Modele", "Modele\Modele.csproj", "{3E40AD7A-D3C7-4DFC-846B-2913CA435748}"
EndProject
Project("{9A19103F-16F7-4668-BE54-9A1E7A4F7556}") = "Test_Album", "Tests_Fonctionnels\Test_Album\Test_Album.csproj", "{2EEF1230-8ABD-4DB3-AF59-61314EED2D5F}"
EndProject
Project("{2150E333-8FDC-42A3-9474-1A3956D46DE8}") = "Tests_Fonctionnels", "Tests_Fonctionnels", "{B929190D-BD96-4D71-8DA7-5608B5093FD8}"
EndProject
Project("{9A19103F-16F7-4668-BE54-9A1E7A4F7556}") = "Test_Artiste", "Tests_Fonctionnels\Test_Artiste\Test_Artiste.csproj", "{76116669-95E8-4E1D-A7C6-6F73B1FD0688}"
EndProject
Project("{9A19103F-16F7-4668-BE54-9A1E7A4F7556}") = "Test_Morceau", "Tests_Fonctionnels\Test_Morceau\Test_Morceau.csproj", "{B8C661F4-EF33-42FA-A688-A5524D82E9E3}"
EndProject
Project("{9A19103F-16F7-4668-BE54-9A1E7A4F7556}") = "Test_Tri", "Tests_fonctionnels\Test_Tri\Test_Tri.csproj", "{90E5F05D-2C38-4661-BEC1-55FC5DE2CDB6}"
EndProject
Project("{9A19103F-16F7-4668-BE54-9A1E7A4F7556}") = "Test_Recherche", "Tests_fonctionnels\Test_Recherche\Test_Recherche.csproj", "{1A6766B9-0455-47C0-A9DA-1FC9E8643F2E}"
EndProject
Project("{9A19103F-16F7-4668-BE54-9A1E7A4F7556}") = "Tests_Unitaires", "Tests_Unitaires\Tests_Unitaires.csproj", "{962FF90E-62B3-4AF6-A36C-89908E170808}"
EndProject
Project("{9A19103F-16F7-4668-BE54-9A1E7A4F7556}") = "Test_Manager", "Tests_fonctionnels\Test_Manager\Test_Manager.csproj", "{35457602-F1E8-4414-98AD-7C781F8ADD92}"
EndProject
Project("{9A19103F-16F7-4668-BE54-9A1E7A4F7556}") = "Test_Playlist", "Tests_fonctionnels\Test_Playlist\Test_Playlist.csproj", "{BB012081-1171-45F4-82D3-F9A759941AF5}"
EndProject
Project("{9A19103F-16F7-4668-BE54-9A1E7A4F7556}") = "Test_Utilisateur", "Tests_fonctionnels\Test_Utilisateur\Test_Utilisateur.csproj", "{B24A7C30-D474-4C3C-B6B9-0105E83DDD8A}"
EndProject
Project("{9A19103F-16F7-4668-BE54-9A1E7A4F7556}") = "Stub", "Stub\Stub.csproj", "{73AE1866-5D43-4B22-A809-4E9F619890A9}"
EndProject
Project("{9A19103F-16F7-4668-BE54-9A1E7A4F7556}") = "Mongo", "Mongo\Mongo.csproj", "{ABA5DAF2-AFBF-447B-8175-6FDBB6105CE8}"
EndProject
Global
	GlobalSection(SolutionConfigurationPlatforms) = preSolution
		Debug|Any CPU = Debug|Any CPU
		Release|Any CPU = Release|Any CPU
	EndGlobalSection
	GlobalSection(ProjectConfigurationPlatforms) = postSolution
		{1EAC41F8-A5DB-458D-897B-B2AE5A8342BC}.Debug|Any CPU.ActiveCfg = Debug|Any CPU
		{1EAC41F8-A5DB-458D-897B-B2AE5A8342BC}.Debug|Any CPU.Build.0 = Debug|Any CPU
		{1EAC41F8-A5DB-458D-897B-B2AE5A8342BC}.Release|Any CPU.ActiveCfg = Release|Any CPU
		{1EAC41F8-A5DB-458D-897B-B2AE5A8342BC}.Release|Any CPU.Build.0 = Release|Any CPU
		{3E40AD7A-D3C7-4DFC-846B-2913CA435748}.Debug|Any CPU.ActiveCfg = Debug|Any CPU
		{3E40AD7A-D3C7-4DFC-846B-2913CA435748}.Debug|Any CPU.Build.0 = Debug|Any CPU
		{3E40AD7A-D3C7-4DFC-846B-2913CA435748}.Release|Any CPU.ActiveCfg = Release|Any CPU
		{3E40AD7A-D3C7-4DFC-846B-2913CA435748}.Release|Any CPU.Build.0 = Release|Any CPU
		{2EEF1230-8ABD-4DB3-AF59-61314EED2D5F}.Debug|Any CPU.ActiveCfg = Debug|Any CPU
		{2EEF1230-8ABD-4DB3-AF59-61314EED2D5F}.Debug|Any CPU.Build.0 = Debug|Any CPU
		{2EEF1230-8ABD-4DB3-AF59-61314EED2D5F}.Release|Any CPU.ActiveCfg = Release|Any CPU
		{2EEF1230-8ABD-4DB3-AF59-61314EED2D5F}.Release|Any CPU.Build.0 = Release|Any CPU
		{76116669-95E8-4E1D-A7C6-6F73B1FD0688}.Debug|Any CPU.ActiveCfg = Debug|Any CPU
		{76116669-95E8-4E1D-A7C6-6F73B1FD0688}.Debug|Any CPU.Build.0 = Debug|Any CPU
		{76116669-95E8-4E1D-A7C6-6F73B1FD0688}.Release|Any CPU.ActiveCfg = Release|Any CPU
		{76116669-95E8-4E1D-A7C6-6F73B1FD0688}.Release|Any CPU.Build.0 = Release|Any CPU
		{B8C661F4-EF33-42FA-A688-A5524D82E9E3}.Debug|Any CPU.ActiveCfg = Debug|Any CPU
		{B8C661F4-EF33-42FA-A688-A5524D82E9E3}.Debug|Any CPU.Build.0 = Debug|Any CPU
		{B8C661F4-EF33-42FA-A688-A5524D82E9E3}.Release|Any CPU.ActiveCfg = Release|Any CPU
		{B8C661F4-EF33-42FA-A688-A5524D82E9E3}.Release|Any CPU.Build.0 = Release|Any CPU
		{90E5F05D-2C38-4661-BEC1-55FC5DE2CDB6}.Debug|Any CPU.ActiveCfg = Debug|Any CPU
		{90E5F05D-2C38-4661-BEC1-55FC5DE2CDB6}.Debug|Any CPU.Build.0 = Debug|Any CPU
		{90E5F05D-2C38-4661-BEC1-55FC5DE2CDB6}.Release|Any CPU.ActiveCfg = Release|Any CPU
		{90E5F05D-2C38-4661-BEC1-55FC5DE2CDB6}.Release|Any CPU.Build.0 = Release|Any CPU
		{1A6766B9-0455-47C0-A9DA-1FC9E8643F2E}.Debug|Any CPU.ActiveCfg = Debug|Any CPU
		{1A6766B9-0455-47C0-A9DA-1FC9E8643F2E}.Debug|Any CPU.Build.0 = Debug|Any CPU
		{1A6766B9-0455-47C0-A9DA-1FC9E8643F2E}.Release|Any CPU.ActiveCfg = Release|Any CPU
		{1A6766B9-0455-47C0-A9DA-1FC9E8643F2E}.Release|Any CPU.Build.0 = Release|Any CPU
		{962FF90E-62B3-4AF6-A36C-89908E170808}.Debug|Any CPU.ActiveCfg = Debug|Any CPU
		{962FF90E-62B3-4AF6-A36C-89908E170808}.Debug|Any CPU.Build.0 = Debug|Any CPU
		{962FF90E-62B3-4AF6-A36C-89908E170808}.Release|Any CPU.ActiveCfg = Release|Any CPU
		{962FF90E-62B3-4AF6-A36C-89908E170808}.Release|Any CPU.Build.0 = Release|Any CPU
		{35457602-F1E8-4414-98AD-7C781F8ADD92}.Debug|Any CPU.ActiveCfg = Debug|Any CPU
		{35457602-F1E8-4414-98AD-7C781F8ADD92}.Debug|Any CPU.Build.0 = Debug|Any CPU
		{35457602-F1E8-4414-98AD-7C781F8ADD92}.Release|Any CPU.ActiveCfg = Release|Any CPU
		{35457602-F1E8-4414-98AD-7C781F8ADD92}.Release|Any CPU.Build.0 = Release|Any CPU
		{BB012081-1171-45F4-82D3-F9A759941AF5}.Debug|Any CPU.ActiveCfg = Debug|Any CPU
		{BB012081-1171-45F4-82D3-F9A759941AF5}.Debug|Any CPU.Build.0 = Debug|Any CPU
		{BB012081-1171-45F4-82D3-F9A759941AF5}.Release|Any CPU.ActiveCfg = Release|Any CPU
		{BB012081-1171-45F4-82D3-F9A759941AF5}.Release|Any CPU.Build.0 = Release|Any CPU
		{B24A7C30-D474-4C3C-B6B9-0105E83DDD8A}.Debug|Any CPU.ActiveCfg = Debug|Any CPU
		{B24A7C30-D474-4C3C-B6B9-0105E83DDD8A}.Debug|Any CPU.Build.0 = Debug|Any CPU
		{B24A7C30-D474-4C3C-B6B9-0105E83DDD8A}.Release|Any CPU.ActiveCfg = Release|Any CPU
		{B24A7C30-D474-4C3C-B6B9-0105E83DDD8A}.Release|Any CPU.Build.0 = Release|Any CPU
		{73AE1866-5D43-4B22-A809-4E9F619890A9}.Debug|Any CPU.ActiveCfg = Debug|Any CPU
		{73AE1866-5D43-4B22-A809-4E9F619890A9}.Debug|Any CPU.Build.0 = Debug|Any CPU
		{73AE1866-5D43-4B22-A809-4E9F619890A9}.Release|Any CPU.ActiveCfg = Release|Any CPU
		{73AE1866-5D43-4B22-A809-4E9F619890A9}.Release|Any CPU.Build.0 = Release|Any CPU
		{ABA5DAF2-AFBF-447B-8175-6FDBB6105CE8}.Debug|Any CPU.ActiveCfg = Debug|Any CPU
		{ABA5DAF2-AFBF-447B-8175-6FDBB6105CE8}.Debug|Any CPU.Build.0 = Debug|Any CPU
		{ABA5DAF2-AFBF-447B-8175-6FDBB6105CE8}.Release|Any CPU.ActiveCfg = Release|Any CPU
		{ABA5DAF2-AFBF-447B-8175-6FDBB6105CE8}.Release|Any CPU.Build.0 = Release|Any CPU
	EndGlobalSection
	GlobalSection(SolutionProperties) = preSolution
		HideSolutionNode = FALSE
	EndGlobalSection
	GlobalSection(NestedProjects) = preSolution
		{2EEF1230-8ABD-4DB3-AF59-61314EED2D5F} = {B929190D-BD96-4D71-8DA7-5608B5093FD8}
		{76116669-95E8-4E1D-A7C6-6F73B1FD0688} = {B929190D-BD96-4D71-8DA7-5608B5093FD8}
		{B8C661F4-EF33-42FA-A688-A5524D82E9E3} = {B929190D-BD96-4D71-8DA7-5608B5093FD8}
		{90E5F05D-2C38-4661-BEC1-55FC5DE2CDB6} = {B929190D-BD96-4D71-8DA7-5608B5093FD8}
		{1A6766B9-0455-47C0-A9DA-1FC9E8643F2E} = {B929190D-BD96-4D71-8DA7-5608B5093FD8}
		{35457602-F1E8-4414-98AD-7C781F8ADD92} = {B929190D-BD96-4D71-8DA7-5608B5093FD8}
		{BB012081-1171-45F4-82D3-F9A759941AF5} = {B929190D-BD96-4D71-8DA7-5608B5093FD8}
		{B24A7C30-D474-4C3C-B6B9-0105E83DDD8A} = {B929190D-BD96-4D71-8DA7-5608B5093FD8}
	EndGlobalSection
	GlobalSection(ExtensibilityGlobals) = postSolution
		SolutionGuid = {2DAA4D6C-E172-4B62-B162-2F94E58CB375}
	EndGlobalSection
EndGlobal
